Microsoft Visual Studio Solution File, Format Version 12.00
# Visual Studio Version 17
VisualStudioVersion = 17.5.2.0
MinimumVisualStudioVersion = 10.0.40219.1
Project("{FAE04EC0-301F-11D3-BF4B-00C04F79EFBC}") = "form_app", "form_app\form_app.csproj", "{3A3B6211-BAB3-30DC-24EE-056D0CAD691D}"
EndProject
Global
	GlobalSection(SolutionConfigurationPlatforms) = preSolution
		Debug|Any CPU = Debug|Any CPU
		Release|Any CPU = Release|Any CPU
	EndGlobalSection
	GlobalSection(ProjectConfigurationPlatforms) = postSolution
		{3A3B6211-BAB3-30DC-24EE-056D0CAD691D}.Debug|Any CPU.ActiveCfg = Debug|Any CPU
		{3A3B6211-BAB3-30DC-24EE-056D0CAD691D}.Debug|Any CPU.Build.0 = Debug|Any CPU
		{3A3B6211-BAB3-30DC-24EE-056D0CAD691D}.Release|Any CPU.ActiveCfg = Release|Any CPU
		{3A3B6211-BAB3-30DC-24EE-056D0CAD691D}.Release|Any CPU.Build.0 = Release|Any CPU
	EndGlobalSection
	GlobalSection(SolutionProperties) = preSolution
		HideSolutionNode = FALSE
	EndGlobalSection
	GlobalSection(ExtensibilityGlobals) = postSolution
		SolutionGuid = {AEB45AB7-9421-4D45-8B8F-B728D2AB6941}
	EndGlobalSection
EndGlobal
